# Prisma Migrate lockfile v1

20200623171717-setup-database
20200702144413-add-scenes-and-genres
20200702165756-add-linkable-parents-and-valid-as-root
20200702172808-genre-unique
20200708075158-add-genre-image-path
20200708092432-add-linkable-children
20200708164224-reduce-scene-genre-links
20200716181838-change-scene-times-to-float
20200820142815-add-genre-definition
20200820142915-remove-scenes
20200820143236-add-tree-genres